// !$*UTF8*$!
{archiveVersion = 1; classes = {}; objectVersion = 56; objects = {
582681C2EAE02B3F3D399C0C = {isa = XCLocalSwiftPackageReference; relativePath = ".";};
5A196401BBDDBC909972A38B = {isa = PBXFileReference; lastKnownFileType = text.xcconfig; path = Config/Signing.xcconfig; sourceTree = "<group>";};
74D5EF22B66BA1C4717B306F = {isa = PBXFileReference; lastKnownFileType = sourcecode.swift; path = "Sources/QuotaApp/AppModel.swift"; sourceTree = "<group>";};
F8A73C8A9E156A6E271088FD = {isa = PBXBuildFile; fileRef = 74D5EF22B66BA1C4717B306F;};
CDB3E3FEE7494BB6E428E1BE = {isa = PBXFileReference; lastKnownFileType = sourcecode.swift; path = "Sources/QuotaApp/ClaudeConnection.swift"; sourceTree = "<group>";};
63EAC74FB647070AFF09BE17 = {isa = PBXBuildFile; fileRef = CDB3E3FEE7494BB6E428E1BE;};
F0C42020A87F8D134F301A1E = {isa = PBXFileReference; lastKnownFileType = sourcecode.swift; path = "Sources/QuotaApp/ClaudeDesktopConnection.swift"; sourceTree = "<group>";};
2FF62D739822A34CE824E781 = {isa = PBXBuildFile; fileRef = F0C42020A87F8D134F301A1E;};
B181410B49B7F42380BD8EF2 = {isa = PBXFileReference; lastKnownFileType = sourcecode.swift; path = "Sources/QuotaApp/ClaudeLogin.swift"; sourceTree = "<group>";};
B075B482F93A4783ECE4E8B4 = {isa = PBXBuildFile; fileRef = B181410B49B7F42380BD8EF2;};
A4936322E0872C2FFC410068 = {isa = PBXFileReference; lastKnownFileType = sourcecode.swift; path = "Sources/QuotaApp/CodexConnection.swift"; sourceTree = "<group>";};
8A95A0E74CB5104DB498B40D = {isa = PBXBuildFile; fileRef = A4936322E0872C2FFC410068;};
E4A3D3F132397A6E1E25A75C = {isa = PBXFileReference; lastKnownFileType = sourcecode.swift; path = "Sources/QuotaApp/QuotaApp.swift"; sourceTree = "<group>";};
A880ED7EC0B208B819898269 = {isa = PBXBuildFile; fileRef = E4A3D3F132397A6E1E25A75C;};
08E328694066219C246B896E = {isa = PBXFileReference; lastKnownFileType = sourcecode.swift; path = "Sources/QuotaApp/WidgetRegistration.swift"; sourceTree = "<group>";};
2F37200DE01F02713BA20E11 = {isa = PBXBuildFile; fileRef = 08E328694066219C246B896E;};
2D764CD838DB39F040AA7EC4 = {isa = PBXSourcesBuildPhase; buildActionMask = 2147483647; files = (F8A73C8A9E156A6E271088FD,63EAC74FB647070AFF09BE17,2FF62D739822A34CE824E781,B075B482F93A4783ECE4E8B4,8A95A0E74CB5104DB498B40D,A880ED7EC0B208B819898269,2F37200DE01F02713BA20E11,); runOnlyForDeploymentPostprocessing = 0;};
45F33A5CF9EDF621DB7AB991 = {isa = XCSwiftPackageProductDependency; productName = QuotaCore;};
54980C0304318E9404C198F0 = {isa = PBXBuildFile; productRef = 45F33A5CF9EDF621DB7AB991;};
5D538265B96C199AD4D4003F = {isa = XCSwiftPackageProductDependency; productName = QuotaUI;};
574D8E108A2A8FCB47DE0425 = {isa = PBXBuildFile; productRef = 5D538265B96C199AD4D4003F;};
12384B5908BE5FE5B3301CEE = {isa = PBXFrameworksBuildPhase; buildActionMask = 2147483647; files = (54980C0304318E9404C198F0,574D8E108A2A8FCB47DE0425,); runOnlyForDeploymentPostprocessing = 0;};
E9B2E96ABC5F6856F2BE79CF = {isa = XCBuildConfiguration; baseConfigurationReference = 5A196401BBDDBC909972A38B; buildSettings = {PRODUCT_NAME = "Quota";PRODUCT_BUNDLE_IDENTIFIER = "local.quota.app";INFOPLIST_FILE = "Config/Xcode/Quota-Info.plist";CODE_SIGN_ENTITLEMENTS = "Config/Xcode/Quota.entitlements";CODE_SIGN_STYLE = "Automatic";MACOSX_DEPLOYMENT_TARGET = "14.0";CODE_SIGN_IDENTITY = "Apple Development";REGISTER_APP_GROUPS = "NO";INFOPLIST_EXPAND_BUILD_SETTINGS = "YES";SWIFT_VERSION = "5.0";SDKROOT = "macosx";ENABLE_HARDENED_RUNTIME = "YES";SWIFT_OPTIMIZATION_LEVEL = "-Onone";GENERATE_INFOPLIST_FILE = "NO";SKIP_INSTALL = "NO";APPLICATION_EXTENSION_API_ONLY = "NO";LD_RUNPATH_SEARCH_PATHS = "$(inherited) @executable_path/../Frameworks @executable_path/../../../../Frameworks";}; name = Debug;};
5A8C91857F674E16E2724F47 = {isa = XCBuildConfiguration; baseConfigurationReference = 5A196401BBDDBC909972A38B; buildSettings = {PRODUCT_NAME = "Quota";PRODUCT_BUNDLE_IDENTIFIER = "local.quota.app";INFOPLIST_FILE = "Config/Xcode/Quota-Info.plist";CODE_SIGN_ENTITLEMENTS = "Config/Xcode/Quota.entitlements";CODE_SIGN_STYLE = "Automatic";MACOSX_DEPLOYMENT_TARGET = "14.0";CODE_SIGN_IDENTITY = "Apple Development";REGISTER_APP_GROUPS = "NO";INFOPLIST_EXPAND_BUILD_SETTINGS = "YES";SWIFT_VERSION = "5.0";SDKROOT = "macosx";ENABLE_HARDENED_RUNTIME = "YES";SWIFT_OPTIMIZATION_LEVEL = "-O";GENERATE_INFOPLIST_FILE = "NO";SKIP_INSTALL = "NO";APPLICATION_EXTENSION_API_ONLY = "NO";LD_RUNPATH_SEARCH_PATHS = "$(inherited) @executable_path/../Frameworks @executable_path/../../../../Frameworks";}; name = Release;};
60EA43DB068BD71C9709BED5 = {isa = XCConfigurationList; buildConfigurations = (E9B2E96ABC5F6856F2BE79CF,5A8C91857F674E16E2724F47,); defaultConfigurationIsVisible = 0; defaultConfigurationName = Release;};
E6FC57C251E9E1BEC1D3C0D2 = {isa = PBXFileReference; explicitFileType = wrapper.application; includeInIndex = 0; path = Quota.app; sourceTree = BUILT_PRODUCTS_DIR;};
4F6027D858B72CC70E5CC8E9 = {isa = PBXNativeTarget; buildConfigurationList = 60EA43DB068BD71C9709BED5; buildPhases = (2D764CD838DB39F040AA7EC4,12384B5908BE5FE5B3301CEE,0189424A5A60FED329FA868E,CFFF27C96089B93150F3553B,); buildRules = (); dependencies = (16883B4D41B223F124B63CE6,); name = Quota; packageProductDependencies = (45F33A5CF9EDF621DB7AB991,5D538265B96C199AD4D4003F,); productName = Quota; productReference = E6FC57C251E9E1BEC1D3C0D2; productType = "com.apple.product-type.application";};
E1FEB7045CD4A60325148D33 = {isa = PBXFileReference; lastKnownFileType = sourcecode.swift; path = "Widgets/QuotaWidgets.swift"; sourceTree = "<group>";};
BD6C3E3179AA97271237C64A = {isa = PBXBuildFile; fileRef = E1FEB7045CD4A60325148D33;};
E4CC8FC1F5258A819A1DC0F6 = {isa = PBXSourcesBuildPhase; buildActionMask = 2147483647; files = (BD6C3E3179AA97271237C64A,); runOnlyForDeploymentPostprocessing = 0;};
AD8AD5D0B4126B8483E157AE = {isa = XCSwiftPackageProductDependency; productName = QuotaCore;};
BD61DA566E2E51455FD7261F = {isa = PBXBuildFile; productRef = AD8AD5D0B4126B8483E157AE;};
9D3C0861453B2CFE5BE7E6F2 = {isa = XCSwiftPackageProductDependency; productName = QuotaUI;};
E1F88FEA6DA4EB912C3E9B6A = {isa = PBXBuildFile; productRef = 9D3C0861453B2CFE5BE7E6F2;};
D996082BD33C0C3D6550D124 = {isa = PBXFrameworksBuildPhase; buildActionMask = 2147483647; files = (BD61DA566E2E51455FD7261F,E1F88FEA6DA4EB912C3E9B6A,); runOnlyForDeploymentPostprocessing = 0;};
8EEBAB68363C2B0DAE00DB30 = {isa = XCBuildConfiguration; baseConfigurationReference = 5A196401BBDDBC909972A38B; buildSettings = {PRODUCT_NAME = "QuotaWidgets";PRODUCT_BUNDLE_IDENTIFIER = "local.quota.app.widgets";INFOPLIST_FILE = "Config/Xcode/Widget-Info.plist";CODE_SIGN_ENTITLEMENTS = "Config/Xcode/Widget.entitlements";CODE_SIGN_STYLE = "Automatic";MACOSX_DEPLOYMENT_TARGET = "14.0";CODE_SIGN_IDENTITY = "Apple Development";REGISTER_APP_GROUPS = "NO";INFOPLIST_EXPAND_BUILD_SETTINGS = "YES";SWIFT_VERSION = "5.0";SDKROOT = "macosx";ENABLE_HARDENED_RUNTIME = "YES";SWIFT_OPTIMIZATION_LEVEL = "-Onone";GENERATE_INFOPLIST_FILE = "NO";SKIP_INSTALL = "YES";APPLICATION_EXTENSION_API_ONLY = "YES";LD_RUNPATH_SEARCH_PATHS = "$(inherited) @executable_path/../Frameworks @executable_path/../../../../Frameworks";}; name = Debug;};
9B3B545F8CBA1ACB550689D3 = {isa = XCBuildConfiguration; baseConfigurationReference = 5A196401BBDDBC909972A38B; buildSettings = {PRODUCT_NAME = "QuotaWidgets";PRODUCT_BUNDLE_IDENTIFIER = "local.quota.app.widgets";INFOPLIST_FILE = "Config/Xcode/Widget-Info.plist";CODE_SIGN_ENTITLEMENTS = "Config/Xcode/Widget.entitlements";CODE_SIGN_STYLE = "Automatic";MACOSX_DEPLOYMENT_TARGET = "14.0";CODE_SIGN_IDENTITY = "Apple Development";REGISTER_APP_GROUPS = "NO";INFOPLIST_EXPAND_BUILD_SETTINGS = "YES";SWIFT_VERSION = "5.0";SDKROOT = "macosx";ENABLE_HARDENED_RUNTIME = "YES";SWIFT_OPTIMIZATION_LEVEL = "-O";GENERATE_INFOPLIST_FILE = "NO";SKIP_INSTALL = "YES";APPLICATION_EXTENSION_API_ONLY = "YES";LD_RUNPATH_SEARCH_PATHS = "$(inherited) @executable_path/../Frameworks @executable_path/../../../../Frameworks";}; name = Release;};
A95F74E8181B46CEBD7B0276 = {isa = XCConfigurationList; buildConfigurations = (8EEBAB68363C2B0DAE00DB30,9B3B545F8CBA1ACB550689D3,); defaultConfigurationIsVisible = 0; defaultConfigurationName = Release;};
95B78F3264C6F1D1DC21BF93 = {isa = PBXFileReference; explicitFileType = wrapper.app-extension; includeInIndex = 0; path = QuotaWidgets.appex; sourceTree = BUILT_PRODUCTS_DIR;};
5EE42F2E32BE1CF287E9A672 = {isa = PBXNativeTarget; buildConfigurationList = A95F74E8181B46CEBD7B0276; buildPhases = (E4CC8FC1F5258A819A1DC0F6,D996082BD33C0C3D6550D124,); buildRules = (); dependencies = (); name = QuotaWidgets; packageProductDependencies = (AD8AD5D0B4126B8483E157AE,9D3C0861453B2CFE5BE7E6F2,); productName = QuotaWidgets; productReference = 95B78F3264C6F1D1DC21BF93; productType = "com.apple.product-type.app-extension";};
F8995BA5891B07E328C60D6B = {isa = PBXFileReference; lastKnownFileType = image.icns; path = Assets/Quota.icns; sourceTree = "<group>";};
74C2431FE30C4A47C8443B80 = {isa = PBXBuildFile; fileRef = F8995BA5891B07E328C60D6B;};
0189424A5A60FED329FA868E = {isa = PBXResourcesBuildPhase; buildActionMask = 2147483647; files = (74C2431FE30C4A47C8443B80,); runOnlyForDeploymentPostprocessing = 0;};
265BC4FD28C528304F1AC67C = {isa = PBXBuildFile; fileRef = 95B78F3264C6F1D1DC21BF93; settings = {ATTRIBUTES = (RemoveHeadersOnCopy,);};};
CFFF27C96089B93150F3553B = {isa = PBXCopyFilesBuildPhase; buildActionMask = 2147483647; dstPath = ""; dstSubfolderSpec = 13; files = (265BC4FD28C528304F1AC67C,); name = "Embed App Extensions"; runOnlyForDeploymentPostprocessing = 0;};
F074B5D4D4B72F6C3B621CD7 = {isa = PBXContainerItemProxy; containerPortal = 98F54143AB4E86B28C3AFEE0; proxyType = 1; remoteGlobalIDString = 5EE42F2E32BE1CF287E9A672; remoteInfo = QuotaWidgets;};
16883B4D41B223F124B63CE6 = {isa = PBXTargetDependency; target = 5EE42F2E32BE1CF287E9A672; targetProxy = F074B5D4D4B72F6C3B621CD7;};
FBDC4F23F93125BBEEAE800C = {isa = PBXGroup; children = (E6FC57C251E9E1BEC1D3C0D2,95B78F3264C6F1D1DC21BF93,); name = Products; sourceTree = "<group>";};
64292B1C2B2E13EAD8788FC8 = {isa = PBXGroup; children = (5A196401BBDDBC909972A38B,74D5EF22B66BA1C4717B306F,CDB3E3FEE7494BB6E428E1BE,F0C42020A87F8D134F301A1E,B181410B49B7F42380BD8EF2,A4936322E0872C2FFC410068,E4A3D3F132397A6E1E25A75C,08E328694066219C246B896E,E1FEB7045CD4A60325148D33,F8995BA5891B07E328C60D6B,FBDC4F23F93125BBEEAE800C,); sourceTree = "<group>";};
89E1FD6268CC0F221A2BE178 = {isa = XCBuildConfiguration; buildSettings = {CLANG_ENABLE_MODULES = YES;}; name = Debug;};
E6DE6C99132752C914FEF632 = {isa = XCBuildConfiguration; buildSettings = {CLANG_ENABLE_MODULES = YES;}; name = Release;};
BC7E287B75C6D3E574547D08 = {isa = XCConfigurationList; buildConfigurations = (89E1FD6268CC0F221A2BE178,E6DE6C99132752C914FEF632,); defaultConfigurationIsVisible = 0; defaultConfigurationName = Release;};
98F54143AB4E86B28C3AFEE0 = {isa = PBXProject; attributes = {LastUpgradeCheck = 1600; BuildIndependentTargetsInParallel = YES;}; buildConfigurationList = BC7E287B75C6D3E574547D08; compatibilityVersion = "Xcode 14.0"; developmentRegion = ru; hasScannedForEncodings = 0; knownRegions = (ru,en,Base,); mainGroup = 64292B1C2B2E13EAD8788FC8; productRefGroup = FBDC4F23F93125BBEEAE800C; projectDirPath = ""; projectRoot = ""; packageReferences = (582681C2EAE02B3F3D399C0C,); targets = (4F6027D858B72CC70E5CC8E9,5EE42F2E32BE1CF287E9A672,);};
}; rootObject = 98F54143AB4E86B28C3AFEE0;}
